
Microsoft Visual Studio Solution File, Format Version 12.00
# Visual Studio Version 17
VisualStudioVersion = 17.8.34004.107
MinimumVisualStudioVersion = 10.0.40219.1
Project("{FAE04EC0-301F-11D3-BF4B-00C04F79EFBC}") = "Books", "Books.csproj", "{AAA8E9D6-435C-4740-B34E-BE1BAAC29BB3}"
EndProject
Global
	GlobalSection(SolutionConfigurationPlatforms) = preSolution
		Debug|Any CPU = Debug|Any CPU
		Release|Any CPU = Release|Any CPU
	EndGlobalSection
	GlobalSection(ProjectConfigurationPlatforms) = postSolution
		{AAA8E9D6-435C-4740-B34E-BE1BAAC29BB3}.Debug|Any CPU.ActiveCfg = Debug|Any CPU
		{AAA8E9D6-435C-4740-B34E-BE1BAAC29BB3}.Debug|Any CPU.Build.0 = Debug|Any CPU
		{AAA8E9D6-435C-4740-B34E-BE1BAAC29BB3}.Release|Any CPU.ActiveCfg = Release|Any CPU
		{AAA8E9D6-435C-4740-B34E-BE1BAAC29BB3}.Release|Any CPU.Build.0 = Release|Any CPU
	EndGlobalSection
	GlobalSection(SolutionProperties) = preSolution
		HideSolutionNode = FALSE
	EndGlobalSection
	GlobalSection(ExtensibilityGlobals) = postSolution
		SolutionGuid = {4B902963-15F0-4475-9556-A407D35FD6DD}
	EndGlobalSection
EndGlobal
